{
    "_readme": [
        "This file locks the dependencies of your project to a known state",
        "Read more about it at http://getcomposer.org/doc/01-basic-usage.md#composer-lock-the-lock-file"
    ],
    "hash": "d7aae4fdf3a0dd373a5f8a3995a97998",
    "packages": [
        {
            "name": "jnaqsh/bootstrap",
            "version": "master",
            "source": {
                "type": "git",
                "url": "https://github.com/jnaqsh/bootstrap.git",
                "reference": "master"
            },
            "type": "library",
            "time": "2013-03-29 11:41:20"
        },
        {
            "name": "phpseclib",
            "version": "master",
            "source": {
                "type": "git",
                "url": "https://github.com/phpseclib/phpseclib.git",
                "reference": "master"
            },
            "type": "library",
            "time": "2013-05-01 13:13:41"
        },
        {
            "name": "symfony/class-loader",
            "version": "v2.2.1",
            "target-dir": "Symfony/Component/ClassLoader",
            "source": {
                "type": "git",
                "url": "https://github.com/symfony/ClassLoader.git",
                "reference": "v2.2.1"
            },
            "dist": {
                "type": "zip",
                "url": "https://api.github.com/repos/symfony/ClassLoader/zipball/v2.2.1",
                "reference": "v2.2.1",
                "shasum": ""
            },
            "require": {
                "php": ">=5.3.3"
            },
            "require-dev": {
                "symfony/finder": ">=2.0,<3.0"
            },
            "type": "library",
            "extra": {
                "branch-alias": {
                    "dev-master": "2.2-dev"
                }
            },
            "autoload": {
                "psr-0": {
                    "Symfony\\Component\\ClassLoader\\": ""
                }
            },
            "notification-url": "https://packagist.org/downloads/",
            "license": [
                "MIT"
            ],
            "authors": [
                {
                    "name": "Fabien Potencier",
                    "email": "fabien@symfony.com"
                },
                {
                    "name": "Symfony Community",
                    "homepage": "http://symfony.com/contributors"
                }
            ],
            "description": "Symfony ClassLoader Component",
            "homepage": "http://symfony.com",
            "time": "2013-03-19 08:32:26"
        },
        {
            "name": "tcpdf",
            "version": "master",
            "source": {
                "type": "git",
                "url": "http://git.code.sf.net/p/tcpdf/code",
                "reference": "master"
            },
            "type": "library",
            "time": "2013-04-24 16:30:18"
        },
        {
            "name": "twitter/bootstrap",
            "version": "v2.3.2",
            "source": {
                "type": "git",
                "url": "https://github.com/twitter/bootstrap.git",
                "reference": "v2.3.2"
            },
            "dist": {
                "type": "zip",
                "url": "https://api.github.com/repos/twitter/bootstrap/zipball/v2.3.2",
                "reference": "v2.3.2",
                "shasum": ""
            },
            "type": "library",
            "notification-url": "https://packagist.org/downloads/",
            "license": [
                "Apache-2.0"
            ],
            "description": "Sleek, intuitive, and powerful front-end framework for faster and easier web development.",
            "homepage": "http://twitter.github.com/bootstrap/",
            "keywords": [
                "bootstrap",
                "css"
            ],
            "time": "2013-05-17 17:26:09"
        },
        {
            "name": "twitteroauth",
            "version": "master",
            "source": {
                "type": "git",
                "url": "https://github.com/thorsten/twitteroauth.git",
                "reference": "master"
            },
            "type": "library",
            "time": "2013-05-10 04:41:52"
        }
    ],
    "packages-dev": [

    ],
    "aliases": [

    ],
    "minimum-stability": "stable",
    "stability-flags": {
        "phpseclib": 20,
        "tcpdf": 20,
        "twitteroauth": 20,
        "jnaqsh/bootstrap": 20
    },
    "platform": {
        "php": ">=5.3.3"
    },
    "platform-dev": [

    ]
}
