{
    "hash": "74c10dd9781a04920d295afd310f89cc",
    "packages": [
        {
            "name": "phpseclib",
            "version": "master",
            "source": {
                "type": "git",
                "url": "https://github.com/phpseclib/phpseclib.git",
                "reference": "master"
            },
            "type": "library",
            "installation-source": "source",
            "time": "2012-10-29 17:21:25"
        },
        {
            "name": "symfony/class-loader",
            "version": "v2.1.6",
            "target-dir": "Symfony/Component/ClassLoader",
            "source": {
                "type": "git",
                "url": "https://github.com/symfony/ClassLoader",
                "reference": "v2.1.6"
            },
            "dist": {
                "type": "zip",
                "url": "https://github.com/symfony/ClassLoader/archive/v2.1.6.zip",
                "reference": "v2.1.6",
                "shasum": ""
            },
            "require": {
                "php": ">=5.3.3"
            },
            "require-dev": {
                "symfony/finder": "2.1.*"
            },
            "time": "2012-12-06 10:00:55",
            "type": "library",
            "installation-source": "dist",
            "autoload": {
                "psr-0": {
                    "Symfony\\Component\\ClassLoader": ""
                }
            },
            "license": [
                "MIT"
            ],
            "authors": [
                {
                    "name": "Fabien Potencier",
                    "email": "fabien@symfony.com"
                },
                {
                    "name": "Symfony Community",
                    "homepage": "http://symfony.com/contributors"
                }
            ],
            "description": "Symfony ClassLoader Component",
            "homepage": "http://symfony.com"
        },
        {
            "name": "tcpdf",
            "version": "master",
            "source": {
                "type": "git",
                "url": "http://git.code.sf.net/p/tcpdf/code",
                "reference": "master"
            },
            "type": "library",
            "installation-source": "source",
            "time": "2012-10-24 16:18:34"
        },
        {
            "name": "twitteroauth",
            "version": "master",
            "source": {
                "type": "git",
                "url": "https://github.com/abraham/twitteroauth.git",
                "reference": "master"
            },
            "type": "library",
            "installation-source": "source",
            "time": "2012-05-18 21:32:30"
        }
    ],
    "packages-dev": null,
    "aliases": [

    ],
    "minimum-stability": "stable",
    "stability-flags": {
        "phpseclib": 20,
        "tcpdf": 20,
        "twitteroauth": 20
    }
}
