{
  "name": "phpMyFAQ",
  "version": "2.10.0-alpha",
  "lockfileVersion": 1,
  "dependencies": {
    "corejs-typeahead": {
      "version": "1.1.1",
      "resolved": "https://registry.npmjs.org/corejs-typeahead/-/corejs-typeahead-1.1.1.tgz",
      "integrity": "sha1-YrKrhB3iACVuNlSMIjs1tF/XFX4=",
      "dependencies": {
        "jquery": {
          "version": "3.2.1",
          "resolved": "https://registry.npmjs.org/jquery/-/jquery-3.2.1.tgz",
          "integrity": "sha1-XE2d5lKvbNCncBVKYxu6ErAVx4c="
        }
      }
    }
  }
}
